
Microsoft Visual Studio Solution File, Format Version 12.00
# Visual Studio Version 17
VisualStudioVersion = 17.8.34525.116
MinimumVisualStudioVersion = 10.0.40219.1
Project("{9A19103F-16F7-4668-BE54-9A1E7A4F7556}") = "Valuator", "Valuator.csproj", "{B947878A-7C99-4907-887E-1ABA7AD56555}"
EndProject
Project("{9A19103F-16F7-4668-BE54-9A1E7A4F7556}") = "RankCalculator", "..\RankCalculator\RankCalculator.csproj", "{2EBB4176-04C8-411E-93F8-3A639B2712EF}"
EndProject
Project("{FAE04EC0-301F-11D3-BF4B-00C04F79EFBC}") = "EventsLogger", "..\EventsLogger\EventsLogger.csproj", "{5215A920-EB70-46B6-ABF1-3E087B3B87A3}"
EndProject
Global
	GlobalSection(SolutionConfigurationPlatforms) = preSolution
		Debug|Any CPU = Debug|Any CPU
		Release|Any CPU = Release|Any CPU
	EndGlobalSection
	GlobalSection(ProjectConfigurationPlatforms) = postSolution
		{B947878A-7C99-4907-887E-1ABA7AD56555}.Debug|Any CPU.ActiveCfg = Debug|Any CPU
		{B947878A-7C99-4907-887E-1ABA7AD56555}.Debug|Any CPU.Build.0 = Debug|Any CPU
		{B947878A-7C99-4907-887E-1ABA7AD56555}.Release|Any CPU.ActiveCfg = Release|Any CPU
		{B947878A-7C99-4907-887E-1ABA7AD56555}.Release|Any CPU.Build.0 = Release|Any CPU
		{2EBB4176-04C8-411E-93F8-3A639B2712EF}.Debug|Any CPU.ActiveCfg = Debug|Any CPU
		{2EBB4176-04C8-411E-93F8-3A639B2712EF}.Debug|Any CPU.Build.0 = Debug|Any CPU
		{2EBB4176-04C8-411E-93F8-3A639B2712EF}.Release|Any CPU.ActiveCfg = Release|Any CPU
		{2EBB4176-04C8-411E-93F8-3A639B2712EF}.Release|Any CPU.Build.0 = Release|Any CPU
		{5215A920-EB70-46B6-ABF1-3E087B3B87A3}.Debug|Any CPU.ActiveCfg = Debug|Any CPU
		{5215A920-EB70-46B6-ABF1-3E087B3B87A3}.Debug|Any CPU.Build.0 = Debug|Any CPU
		{5215A920-EB70-46B6-ABF1-3E087B3B87A3}.Release|Any CPU.ActiveCfg = Release|Any CPU
		{5215A920-EB70-46B6-ABF1-3E087B3B87A3}.Release|Any CPU.Build.0 = Release|Any CPU
	EndGlobalSection
	GlobalSection(SolutionProperties) = preSolution
		HideSolutionNode = FALSE
	EndGlobalSection
	GlobalSection(ExtensibilityGlobals) = postSolution
		SolutionGuid = {E9E681F5-1F70-43C8-836F-A8E89529598C}
	EndGlobalSection
EndGlobal
